
Microsoft Visual Studio Solution File, Format Version 12.00
# Visual Studio Version 16
VisualStudioVersion = 16.0.30330.147
MinimumVisualStudioVersion = 10.0.40219.1
Project("{FAE04EC0-301F-11D3-BF4B-00C04F79EFBC}") = "MapleMarket", "MapleMarket\MapleMarket.csproj", "{8ED21EAB-9FE5-44CD-A554-ED85081B627C}"
EndProject
Global
	GlobalSection(SolutionConfigurationPlatforms) = preSolution
		Debug|Any CPU = Debug|Any CPU
		Release|Any CPU = Release|Any CPU
	EndGlobalSection
	GlobalSection(ProjectConfigurationPlatforms) = postSolution
		{8ED21EAB-9FE5-44CD-A554-ED85081B627C}.Debug|Any CPU.ActiveCfg = Debug|Any CPU
		{8ED21EAB-9FE5-44CD-A554-ED85081B627C}.Debug|Any CPU.Build.0 = Debug|Any CPU
		{8ED21EAB-9FE5-44CD-A554-ED85081B627C}.Release|Any CPU.ActiveCfg = Release|Any CPU
		{8ED21EAB-9FE5-44CD-A554-ED85081B627C}.Release|Any CPU.Build.0 = Release|Any CPU
	EndGlobalSection
	GlobalSection(SolutionProperties) = preSolution
		HideSolutionNode = FALSE
	EndGlobalSection
	GlobalSection(ExtensibilityGlobals) = postSolution
		SolutionGuid = {7122F9CE-DC71-42FB-822F-CE7EAA4152A6}
	EndGlobalSection
EndGlobal
